// !$*UTF8*$!
{
	archiveVersion = 1;
	classes = {
	};
	objectVersion = 55;
	objects = {

/* Begin PBXBuildFile section */
		453F4B4C28AF716000BE4FD0 /* AuthManager.swift in Sources */ = {isa = PBXBuildFile; fileRef = 453F4B4B28AF716000BE4FD0 /* AuthManager.swift */; };
		453F4B4E28AF72DF00BE4FD0 /* LoginView.swift in Sources */ = {isa = PBXBuildFile; fileRef = 453F4B4D28AF72DF00BE4FD0 /* LoginView.swift */; };
		453F4B5028AF740E00BE4FD0 /* AuthenticatedView.swift in Sources */ = {isa = PBXBuildFile; fileRef = 453F4B4F28AF740E00BE4FD0 /* AuthenticatedView.swift */; };
		453F4B5228AF748700BE4FD0 /* LoginViewModel.swift in Sources */ = {isa = PBXBuildFile; fileRef = 453F4B5128AF748700BE4FD0 /* LoginViewModel.swift */; };
		453F4B5428AF824700BE4FD0 /* Networking.swift in Sources */ = {isa = PBXBuildFile; fileRef = 453F4B5328AF824700BE4FD0 /* Networking.swift */; };
		453F4B5628AF852B00BE4FD0 /* File.swift in Sources */ = {isa = PBXBuildFile; fileRef = 453F4B5528AF852B00BE4FD0 /* File.swift */; };
		453F4B5828AF8C4900BE4FD0 /* BuildProfilesViewModel.swift in Sources */ = {isa = PBXBuildFile; fileRef = 453F4B5728AF8C4900BE4FD0 /* BuildProfilesViewModel.swift */; };
		456F0D6D28AE9ADB0023D3EF /* BuildProfilesView.swift in Sources */ = {isa = PBXBuildFile; fileRef = 456F0D6C28AE9ADB0023D3EF /* BuildProfilesView.swift */; };
		456F0D6F28AE9AFA0023D3EF /* BuildProfileCellView.swift in Sources */ = {isa = PBXBuildFile; fileRef = 456F0D6E28AE9AFA0023D3EF /* BuildProfileCellView.swift */; };
		45BF2DEF28ACD0190067FF27 /* DashboardApp.swift in Sources */ = {isa = PBXBuildFile; fileRef = 45BF2DEE28ACD0190067FF27 /* DashboardApp.swift */; };
		45BF2DF328ACD0190067FF27 /* Assets.xcassets in Resources */ = {isa = PBXBuildFile; fileRef = 45BF2DF228ACD0190067FF27 /* Assets.xcassets */; };
		45BF2DF628ACD0190067FF27 /* Preview Assets.xcassets in Resources */ = {isa = PBXBuildFile; fileRef = 45BF2DF528ACD0190067FF27 /* Preview Assets.xcassets */; };
		45BF2DF828ACD0190067FF27 /* Persistence.swift in Sources */ = {isa = PBXBuildFile; fileRef = 45BF2DF728ACD0190067FF27 /* Persistence.swift */; };
		45BF2DFB28ACD0190067FF27 /* Dashboard.xcdatamodeld in Sources */ = {isa = PBXBuildFile; fileRef = 45BF2DF928ACD0190067FF27 /* Dashboard.xcdatamodeld */; };
		45BF2E0528ACD01A0067FF27 /* DashboardTests.swift in Sources */ = {isa = PBXBuildFile; fileRef = 45BF2E0428ACD01A0067FF27 /* DashboardTests.swift */; };
		45BF2E0F28ACD01A0067FF27 /* DashboardUITests.swift in Sources */ = {isa = PBXBuildFile; fileRef = 45BF2E0E28ACD01A0067FF27 /* DashboardUITests.swift */; };
		45BF2E1128ACD01A0067FF27 /* DashboardUITestsLaunchTests.swift in Sources */ = {isa = PBXBuildFile; fileRef = 45BF2E1028ACD01A0067FF27 /* DashboardUITestsLaunchTests.swift */; };
		45BF2E1E28ACD2D10067FF27 /* MainView.swift in Sources */ = {isa = PBXBuildFile; fileRef = 45BF2E1D28ACD2D10067FF27 /* MainView.swift */; };
		45BF2E2028ACD3540067FF27 /* SettingsView.swift in Sources */ = {isa = PBXBuildFile; fileRef = 45BF2E1F28ACD3540067FF27 /* SettingsView.swift */; };
		45BF2E2228ACE3BA0067FF27 /* AppcircleClient.swift in Sources */ = {isa = PBXBuildFile; fileRef = 45BF2E2128ACE3BA0067FF27 /* AppcircleClient.swift */; };
		45BF2E2428ACE3EA0067FF27 /* User.swift in Sources */ = {isa = PBXBuildFile; fileRef = 45BF2E2328ACE3EA0067FF27 /* User.swift */; };
		45BF2E2928AD01010067FF27 /* BuildProfile.swift in Sources */ = {isa = PBXBuildFile; fileRef = 45BF2E2828AD01010067FF27 /* BuildProfile.swift */; };
		45E2E7FA28C10BA100A0AD50 /* TokenManager.swift in Sources */ = {isa = PBXBuildFile; fileRef = 45E2E7F928C10BA100A0AD50 /* TokenManager.swift */; };
/* End PBXBuildFile section */

/* Begin PBXContainerItemProxy section */
		45BF2E0128ACD0190067FF27 /* PBXContainerItemProxy */ = {
			isa = PBXContainerItemProxy;
			containerPortal = 45BF2DE328ACD0190067FF27 /* Project object */;
			proxyType = 1;
			remoteGlobalIDString = 45BF2DEA28ACD0190067FF27;
			remoteInfo = Dashboard;
		};
		45BF2E0B28ACD01A0067FF27 /* PBXContainerItemProxy */ = {
			isa = PBXContainerItemProxy;
			containerPortal = 45BF2DE328ACD0190067FF27 /* Project object */;
			proxyType = 1;
			remoteGlobalIDString = 45BF2DEA28ACD0190067FF27;
			remoteInfo = Dashboard;
		};
/* End PBXContainerItemProxy section */

/* Begin PBXFileReference section */
		453F4B4B28AF716000BE4FD0 /* AuthManager.swift */ = {isa = PBXFileReference; lastKnownFileType = sourcecode.swift; path = AuthManager.swift; sourceTree = "<group>"; };
		453F4B4D28AF72DF00BE4FD0 /* LoginView.swift */ = {isa = PBXFileReference; lastKnownFileType = sourcecode.swift; path = LoginView.swift; sourceTree = "<group>"; };
		453F4B4F28AF740E00BE4FD0 /* AuthenticatedView.swift */ = {isa = PBXFileReference; lastKnownFileType = sourcecode.swift; path = AuthenticatedView.swift; sourceTree = "<group>"; };
		453F4B5128AF748700BE4FD0 /* LoginViewModel.swift */ = {isa = PBXFileReference; lastKnownFileType = sourcecode.swift; path = LoginViewModel.swift; sourceTree = "<group>"; };
		453F4B5328AF824700BE4FD0 /* Networking.swift */ = {isa = PBXFileReference; lastKnownFileType = sourcecode.swift; path = Networking.swift; sourceTree = "<group>"; };
		453F4B5528AF852B00BE4FD0 /* File.swift */ = {isa = PBXFileReference; lastKnownFileType = sourcecode.swift; path = File.swift; sourceTree = "<group>"; };
		453F4B5728AF8C4900BE4FD0 /* BuildProfilesViewModel.swift */ = {isa = PBXFileReference; lastKnownFileType = sourcecode.swift; path = BuildProfilesViewModel.swift; sourceTree = "<group>"; };
		456F0D6C28AE9ADB0023D3EF /* BuildProfilesView.swift */ = {isa = PBXFileReference; lastKnownFileType = sourcecode.swift; path = BuildProfilesView.swift; sourceTree = "<group>"; };
		456F0D6E28AE9AFA0023D3EF /* BuildProfileCellView.swift */ = {isa = PBXFileReference; lastKnownFileType = sourcecode.swift; path = BuildProfileCellView.swift; sourceTree = "<group>"; };
		45BF2DEB28ACD0190067FF27 /* Dashboard.app */ = {isa = PBXFileReference; explicitFileType = wrapper.application; includeInIndex = 0; path = Dashboard.app; sourceTree = BUILT_PRODUCTS_DIR; };
		45BF2DEE28ACD0190067FF27 /* DashboardApp.swift */ = {isa = PBXFileReference; lastKnownFileType = sourcecode.swift; path = DashboardApp.swift; sourceTree = "<group>"; };
		45BF2DF228ACD0190067FF27 /* Assets.xcassets */ = {isa = PBXFileReference; lastKnownFileType = folder.assetcatalog; path = Assets.xcassets; sourceTree = "<group>"; };
		45BF2DF528ACD0190067FF27 /* Preview Assets.xcassets */ = {isa = PBXFileReference; lastKnownFileType = folder.assetcatalog; path = "Preview Assets.xcassets"; sourceTree = "<group>"; };
		45BF2DF728ACD0190067FF27 /* Persistence.swift */ = {isa = PBXFileReference; lastKnownFileType = sourcecode.swift; path = Persistence.swift; sourceTree = "<group>"; };
		45BF2DFA28ACD0190067FF27 /* Dashboard.xcdatamodel */ = {isa = PBXFileReference; lastKnownFileType = wrapper.xcdatamodel; path = Dashboard.xcdatamodel; sourceTree = "<group>"; };
		45BF2E0028ACD0190067FF27 /* DashboardTests.xctest */ = {isa = PBXFileReference; explicitFileType = wrapper.cfbundle; includeInIndex = 0; path = DashboardTests.xctest; sourceTree = BUILT_PRODUCTS_DIR; };
		45BF2E0428ACD01A0067FF27 /* DashboardTests.swift */ = {isa = PBXFileReference; lastKnownFileType = sourcecode.swift; path = DashboardTests.swift; sourceTree = "<group>"; };
		45BF2E0A28ACD01A0067FF27 /* DashboardUITests.xctest */ = {isa = PBXFileReference; explicitFileType = wrapper.cfbundle; includeInIndex = 0; path = DashboardUITests.xctest; sourceTree = BUILT_PRODUCTS_DIR; };
		45BF2E0E28ACD01A0067FF27 /* DashboardUITests.swift */ = {isa = PBXFileReference; lastKnownFileType = sourcecode.swift; path = DashboardUITests.swift; sourceTree = "<group>"; };
		45BF2E1028ACD01A0067FF27 /* DashboardUITestsLaunchTests.swift */ = {isa = PBXFileReference; lastKnownFileType = sourcecode.swift; path = DashboardUITestsLaunchTests.swift; sourceTree = "<group>"; };
		45BF2E1D28ACD2D10067FF27 /* MainView.swift */ = {isa = PBXFileReference; lastKnownFileType = sourcecode.swift; path = MainView.swift; sourceTree = "<group>"; };
		45BF2E1F28ACD3540067FF27 /* SettingsView.swift */ = {isa = PBXFileReference; lastKnownFileType = sourcecode.swift; path = SettingsView.swift; sourceTree = "<group>"; };
		45BF2E2128ACE3BA0067FF27 /* AppcircleClient.swift */ = {isa = PBXFileReference; lastKnownFileType = sourcecode.swift; path = AppcircleClient.swift; sourceTree = "<group>"; };
		45BF2E2328ACE3EA0067FF27 /* User.swift */ = {isa = PBXFileReference; lastKnownFileType = sourcecode.swift; path = User.swift; sourceTree = "<group>"; };
		45BF2E2828AD01010067FF27 /* BuildProfile.swift */ = {isa = PBXFileReference; lastKnownFileType = sourcecode.swift; path = BuildProfile.swift; sourceTree = "<group>"; };
		45E2E7F928C10BA100A0AD50 /* TokenManager.swift */ = {isa = PBXFileReference; lastKnownFileType = sourcecode.swift; path = TokenManager.swift; sourceTree = "<group>"; };
/* End PBXFileReference section */

/* Begin PBXFrameworksBuildPhase section */
		45BF2DE828ACD0190067FF27 /* Frameworks */ = {
			isa = PBXFrameworksBuildPhase;
			buildActionMask = 2147483647;
			files = (
			);
			runOnlyForDeploymentPostprocessing = 0;
		};
		45BF2DFD28ACD0190067FF27 /* Frameworks */ = {
			isa = PBXFrameworksBuildPhase;
			buildActionMask = 2147483647;
			files = (
			);
			runOnlyForDeploymentPostprocessing = 0;
		};
		45BF2E0728ACD01A0067FF27 /* Frameworks */ = {
			isa = PBXFrameworksBuildPhase;
			buildActionMask = 2147483647;
			files = (
			);
			runOnlyForDeploymentPostprocessing = 0;
		};
/* End PBXFrameworksBuildPhase section */

/* Begin PBXGroup section */
		45BF2DE228ACD0190067FF27 = {
			isa = PBXGroup;
			children = (
				45BF2DED28ACD0190067FF27 /* Dashboard */,
				45BF2E0328ACD01A0067FF27 /* DashboardTests */,
				45BF2E0D28ACD01A0067FF27 /* DashboardUITests */,
				45BF2DEC28ACD0190067FF27 /* Products */,
			);
			sourceTree = "<group>";
		};
		45BF2DEC28ACD0190067FF27 /* Products */ = {
			isa = PBXGroup;
			children = (
				45BF2DEB28ACD0190067FF27 /* Dashboard.app */,
				45BF2E0028ACD0190067FF27 /* DashboardTests.xctest */,
				45BF2E0A28ACD01A0067FF27 /* DashboardUITests.xctest */,
			);
			name = Products;
			sourceTree = "<group>";
		};
		45BF2DED28ACD0190067FF27 /* Dashboard */ = {
			isa = PBXGroup;
			children = (
				45BF2DEE28ACD0190067FF27 /* DashboardApp.swift */,
				453F4B5528AF852B00BE4FD0 /* File.swift */,
				45BF2E1D28ACD2D10067FF27 /* MainView.swift */,
				453F4B4F28AF740E00BE4FD0 /* AuthenticatedView.swift */,
				456F0D6C28AE9ADB0023D3EF /* BuildProfilesView.swift */,
				453F4B5728AF8C4900BE4FD0 /* BuildProfilesViewModel.swift */,
				456F0D6E28AE9AFA0023D3EF /* BuildProfileCellView.swift */,
				45BF2E1F28ACD3540067FF27 /* SettingsView.swift */,
				45BF2E2128ACE3BA0067FF27 /* AppcircleClient.swift */,
				453F4B4D28AF72DF00BE4FD0 /* LoginView.swift */,
				453F4B5128AF748700BE4FD0 /* LoginViewModel.swift */,
				453F4B4B28AF716000BE4FD0 /* AuthManager.swift */,
				45E2E7F928C10BA100A0AD50 /* TokenManager.swift */,
				453F4B5328AF824700BE4FD0 /* Networking.swift */,
				45BF2E2728AD00CC0067FF27 /* Models */,
				45BF2DF228ACD0190067FF27 /* Assets.xcassets */,
				45BF2DF728ACD0190067FF27 /* Persistence.swift */,
				45BF2DF928ACD0190067FF27 /* Dashboard.xcdatamodeld */,
				45BF2DF428ACD0190067FF27 /* Preview Content */,
			);
			path = Dashboard;
			sourceTree = "<group>";
		};
		45BF2DF428ACD0190067FF27 /* Preview Content */ = {
			isa = PBXGroup;
			children = (
				45BF2DF528ACD0190067FF27 /* Preview Assets.xcassets */,
			);
			path = "Preview Content";
			sourceTree = "<group>";
		};
		45BF2E0328ACD01A0067FF27 /* DashboardTests */ = {
			isa = PBXGroup;
			children = (
				45BF2E0428ACD01A0067FF27 /* DashboardTests.swift */,
			);
			path = DashboardTests;
			sourceTree = "<group>";
		};
		45BF2E0D28ACD01A0067FF27 /* DashboardUITests */ = {
			isa = PBXGroup;
			children = (
				45BF2E0E28ACD01A0067FF27 /* DashboardUITests.swift */,
				45BF2E1028ACD01A0067FF27 /* DashboardUITestsLaunchTests.swift */,
			);
			path = DashboardUITests;
			sourceTree = "<group>";
		};
		45BF2E2728AD00CC0067FF27 /* Models */ = {
			isa = PBXGroup;
			children = (
				45BF2E2328ACE3EA0067FF27 /* User.swift */,
				45BF2E2828AD01010067FF27 /* BuildProfile.swift */,
			);
			path = Models;
			sourceTree = "<group>";
		};
/* End PBXGroup section */

/* Begin PBXNativeTarget section */
		45BF2DEA28ACD0190067FF27 /* Dashboard */ = {
			isa = PBXNativeTarget;
			buildConfigurationList = 45BF2E1428ACD01A0067FF27 /* Build configuration list for PBXNativeTarget "Dashboard" */;
			buildPhases = (
				45BF2DE728ACD0190067FF27 /* Sources */,
				45BF2DE828ACD0190067FF27 /* Frameworks */,
				45BF2DE928ACD0190067FF27 /* Resources */,
			);
			buildRules = (
			);
			dependencies = (
			);
			name = Dashboard;
			productName = Dashboard;
			productReference = 45BF2DEB28ACD0190067FF27 /* Dashboard.app */;
			productType = "com.apple.product-type.application";
		};
		45BF2DFF28ACD0190067FF27 /* DashboardTests */ = {
			isa = PBXNativeTarget;
			buildConfigurationList = 45BF2E1728ACD01A0067FF27 /* Build configuration list for PBXNativeTarget "DashboardTests" */;
			buildPhases = (
				45BF2DFC28ACD0190067FF27 /* Sources */,
				45BF2DFD28ACD0190067FF27 /* Frameworks */,
				45BF2DFE28ACD0190067FF27 /* Resources */,
			);
			buildRules = (
			);
			dependencies = (
				45BF2E0228ACD0190067FF27 /* PBXTargetDependency */,
			);
			name = DashboardTests;
			productName = DashboardTests;
			productReference = 45BF2E0028ACD0190067FF27 /* DashboardTests.xctest */;
			productType = "com.apple.product-type.bundle.unit-test";
		};
		45BF2E0928ACD01A0067FF27 /* DashboardUITests */ = {
			isa = PBXNativeTarget;
			buildConfigurationList = 45BF2E1A28ACD01A0067FF27 /* Build configuration list for PBXNativeTarget "DashboardUITests" */;
			buildPhases = (
				45BF2E0628ACD01A0067FF27 /* Sources */,
				45BF2E0728ACD01A0067FF27 /* Frameworks */,
				45BF2E0828ACD01A0067FF27 /* Resources */,
			);
			buildRules = (
			);
			dependencies = (
				45BF2E0C28ACD01A0067FF27 /* PBXTargetDependency */,
			);
			name = DashboardUITests;
			productName = DashboardUITests;
			productReference = 45BF2E0A28ACD01A0067FF27 /* DashboardUITests.xctest */;
			productType = "com.apple.product-type.bundle.ui-testing";
		};
/* End PBXNativeTarget section */

/* Begin PBXProject section */
		45BF2DE328ACD0190067FF27 /* Project object */ = {
			isa = PBXProject;
			attributes = {
				BuildIndependentTargetsInParallel = 1;
				LastSwiftUpdateCheck = 1340;
				LastUpgradeCheck = 1340;
				ORGANIZATIONNAME = "Appcircle Inc";
				TargetAttributes = {
					45BF2DEA28ACD0190067FF27 = {
						CreatedOnToolsVersion = 13.4;
					};
					45BF2DFF28ACD0190067FF27 = {
						CreatedOnToolsVersion = 13.4;
						TestTargetID = 45BF2DEA28ACD0190067FF27;
					};
					45BF2E0928ACD01A0067FF27 = {
						CreatedOnToolsVersion = 13.4;
						TestTargetID = 45BF2DEA28ACD0190067FF27;
					};
				};
			};
			buildConfigurationList = 45BF2DE628ACD0190067FF27 /* Build configuration list for PBXProject "Dashboard" */;
			compatibilityVersion = "Xcode 13.0";
			developmentRegion = en;
			hasScannedForEncodings = 0;
			knownRegions = (
				en,
				Base,
			);
			mainGroup = 45BF2DE228ACD0190067FF27;
			productRefGroup = 45BF2DEC28ACD0190067FF27 /* Products */;
			projectDirPath = "";
			projectRoot = "";
			targets = (
				45BF2DEA28ACD0190067FF27 /* Dashboard */,
				45BF2DFF28ACD0190067FF27 /* DashboardTests */,
				45BF2E0928ACD01A0067FF27 /* DashboardUITests */,
			);
		};
/* End PBXProject section */

/* Begin PBXResourcesBuildPhase section */
		45BF2DE928ACD0190067FF27 /* Resources */ = {
			isa = PBXResourcesBuildPhase;
			buildActionMask = 2147483647;
			files = (
				45BF2DF628ACD0190067FF27 /* Preview Assets.xcassets in Resources */,
				45BF2DF328ACD0190067FF27 /* Assets.xcassets in Resources */,
			);
			runOnlyForDeploymentPostprocessing = 0;
		};
		45BF2DFE28ACD0190067FF27 /* Resources */ = {
			isa = PBXResourcesBuildPhase;
			buildActionMask = 2147483647;
			files = (
			);
			runOnlyForDeploymentPostprocessing = 0;
		};
		45BF2E0828ACD01A0067FF27 /* Resources */ = {
			isa = PBXResourcesBuildPhase;
			buildActionMask = 2147483647;
			files = (
			);
			runOnlyForDeploymentPostprocessing = 0;
		};
/* End PBXResourcesBuildPhase section */

/* Begin PBXSourcesBuildPhase section */
		45BF2DE728ACD0190067FF27 /* Sources */ = {
			isa = PBXSourcesBuildPhase;
			buildActionMask = 2147483647;
			files = (
				45BF2DF828ACD0190067FF27 /* Persistence.swift in Sources */,
				45E2E7FA28C10BA100A0AD50 /* TokenManager.swift in Sources */,
				453F4B4C28AF716000BE4FD0 /* AuthManager.swift in Sources */,
				45BF2E2928AD01010067FF27 /* BuildProfile.swift in Sources */,
				45BF2DFB28ACD0190067FF27 /* Dashboard.xcdatamodeld in Sources */,
				456F0D6D28AE9ADB0023D3EF /* BuildProfilesView.swift in Sources */,
				453F4B5628AF852B00BE4FD0 /* File.swift in Sources */,
				453F4B5028AF740E00BE4FD0 /* AuthenticatedView.swift in Sources */,
				453F4B5428AF824700BE4FD0 /* Networking.swift in Sources */,
				453F4B5828AF8C4900BE4FD0 /* BuildProfilesViewModel.swift in Sources */,
				453F4B5228AF748700BE4FD0 /* LoginViewModel.swift in Sources */,
				45BF2E2028ACD3540067FF27 /* SettingsView.swift in Sources */,
				453F4B4E28AF72DF00BE4FD0 /* LoginView.swift in Sources */,
				45BF2E2428ACE3EA0067FF27 /* User.swift in Sources */,
				45BF2E1E28ACD2D10067FF27 /* MainView.swift in Sources */,
				456F0D6F28AE9AFA0023D3EF /* BuildProfileCellView.swift in Sources */,
				45BF2DEF28ACD0190067FF27 /* DashboardApp.swift in Sources */,
				45BF2E2228ACE3BA0067FF27 /* AppcircleClient.swift in Sources */,
			);
			runOnlyForDeploymentPostprocessing = 0;
		};
		45BF2DFC28ACD0190067FF27 /* Sources */ = {
			isa = PBXSourcesBuildPhase;
			buildActionMask = 2147483647;
			files = (
				45BF2E0528ACD01A0067FF27 /* DashboardTests.swift in Sources */,
			);
			runOnlyForDeploymentPostprocessing = 0;
		};
		45BF2E0628ACD01A0067FF27 /* Sources */ = {
			isa = PBXSourcesBuildPhase;
			buildActionMask = 2147483647;
			files = (
				45BF2E0F28ACD01A0067FF27 /* DashboardUITests.swift in Sources */,
				45BF2E1128ACD01A0067FF27 /* DashboardUITestsLaunchTests.swift in Sources */,
			);
			runOnlyForDeploymentPostprocessing = 0;
		};
/* End PBXSourcesBuildPhase section */

/* Begin PBXTargetDependency section */
		45BF2E0228ACD0190067FF27 /* PBXTargetDependency */ = {
			isa = PBXTargetDependency;
			target = 45BF2DEA28ACD0190067FF27 /* Dashboard */;
			targetProxy = 45BF2E0128ACD0190067FF27 /* PBXContainerItemProxy */;
		};
		45BF2E0C28ACD01A0067FF27 /* PBXTargetDependency */ = {
			isa = PBXTargetDependency;
			target = 45BF2DEA28ACD0190067FF27 /* Dashboard */;
			targetProxy = 45BF2E0B28ACD01A0067FF27 /* PBXContainerItemProxy */;
		};
/* End PBXTargetDependency section */

/* Begin XCBuildConfiguration section */
		45BF2E1228ACD01A0067FF27 /* Debug */ = {
			isa = XCBuildConfiguration;
			buildSettings = {
				ALWAYS_SEARCH_USER_PATHS = NO;
				CLANG_ANALYZER_NONNULL = YES;
				CLANG_ANALYZER_NUMBER_OBJECT_CONVERSION = YES_AGGRESSIVE;
				CLANG_CXX_LANGUAGE_STANDARD = "gnu++17";
				CLANG_ENABLE_MODULES = YES;
				CLANG_ENABLE_OBJC_ARC = YES;
				CLANG_ENABLE_OBJC_WEAK = YES;
				CLANG_WARN_BLOCK_CAPTURE_AUTORELEASING = YES;
				CLANG_WARN_BOOL_CONVERSION = YES;
				CLANG_WARN_COMMA = YES;
				CLANG_WARN_CONSTANT_CONVERSION = YES;
				CLANG_WARN_DEPRECATED_OBJC_IMPLEMENTATIONS = YES;
				CLANG_WARN_DIRECT_OBJC_ISA_USAGE = YES_ERROR;
				CLANG_WARN_DOCUMENTATION_COMMENTS = YES;
				CLANG_WARN_EMPTY_BODY = YES;
				CLANG_WARN_ENUM_CONVERSION = YES;
				CLANG_WARN_INFINITE_RECURSION = YES;
				CLANG_WARN_INT_CONVERSION = YES;
				CLANG_WARN_NON_LITERAL_NULL_CONVERSION = YES;
				CLANG_WARN_OBJC_IMPLICIT_RETAIN_SELF = YES;
				CLANG_WARN_OBJC_LITERAL_CONVERSION = YES;
				CLANG_WARN_OBJC_ROOT_CLASS = YES_ERROR;
				CLANG_WARN_QUOTED_INCLUDE_IN_FRAMEWORK_HEADER = YES;
				CLANG_WARN_RANGE_LOOP_ANALYSIS = YES;
				CLANG_WARN_STRICT_PROTOTYPES = YES;
				CLANG_WARN_SUSPICIOUS_MOVE = YES;
				CLANG_WARN_UNGUARDED_AVAILABILITY = YES_AGGRESSIVE;
				CLANG_WARN_UNREACHABLE_CODE = YES;
				CLANG_WARN__DUPLICATE_METHOD_MATCH = YES;
				COPY_PHASE_STRIP = NO;
				DEBUG_INFORMATION_FORMAT = dwarf;
				ENABLE_STRICT_OBJC_MSGSEND = YES;
				ENABLE_TESTABILITY = YES;
				GCC_C_LANGUAGE_STANDARD = gnu11;
				GCC_DYNAMIC_NO_PIC = NO;
				GCC_NO_COMMON_BLOCKS = YES;
				GCC_OPTIMIZATION_LEVEL = 0;
				GCC_PREPROCESSOR_DEFINITIONS = (
					"DEBUG=1",
					"$(inherited)",
				);
				GCC_WARN_64_TO_32_BIT_CONVERSION = YES;
				GCC_WARN_ABOUT_RETURN_TYPE = YES_ERROR;
				GCC_WARN_UNDECLARED_SELECTOR = YES;
				GCC_WARN_UNINITIALIZED_AUTOS = YES_AGGRESSIVE;
				GCC_WARN_UNUSED_FUNCTION = YES;
				GCC_WARN_UNUSED_VARIABLE = YES;
				IPHONEOS_DEPLOYMENT_TARGET = 15.0;
				MTL_ENABLE_DEBUG_INFO = INCLUDE_SOURCE;
				MTL_FAST_MATH = YES;
				ONLY_ACTIVE_ARCH = YES;
				SDKROOT = iphoneos;
				SWIFT_ACTIVE_COMPILATION_CONDITIONS = DEBUG;
				SWIFT_OPTIMIZATION_LEVEL = "-Onone";
			};
			name = Debug;
		};
		45BF2E1328ACD01A0067FF27 /* Release */ = {
			isa = XCBuildConfiguration;
			buildSettings = {
				ALWAYS_SEARCH_USER_PATHS = NO;
				CLANG_ANALYZER_NONNULL = YES;
				CLANG_ANALYZER_NUMBER_OBJECT_CONVERSION = YES_AGGRESSIVE;
				CLANG_CXX_LANGUAGE_STANDARD = "gnu++17";
				CLANG_ENABLE_MODULES = YES;
				CLANG_ENABLE_OBJC_ARC = YES;
				CLANG_ENABLE_OBJC_WEAK = YES;
				CLANG_WARN_BLOCK_CAPTURE_AUTORELEASING = YES;
				CLANG_WARN_BOOL_CONVERSION = YES;
				CLANG_WARN_COMMA = YES;
				CLANG_WARN_CONSTANT_CONVERSION = YES;
				CLANG_WARN_DEPRECATED_OBJC_IMPLEMENTATIONS = YES;
				CLANG_WARN_DIRECT_OBJC_ISA_USAGE = YES_ERROR;
				CLANG_WARN_DOCUMENTATION_COMMENTS = YES;
				CLANG_WARN_EMPTY_BODY = YES;
				CLANG_WARN_ENUM_CONVERSION = YES;
				CLANG_WARN_INFINITE_RECURSION = YES;
				CLANG_WARN_INT_CONVERSION = YES;
				CLANG_WARN_NON_LITERAL_NULL_CONVERSION = YES;
				CLANG_WARN_OBJC_IMPLICIT_RETAIN_SELF = YES;
				CLANG_WARN_OBJC_LITERAL_CONVERSION = YES;
				CLANG_WARN_OBJC_ROOT_CLASS = YES_ERROR;
				CLANG_WARN_QUOTED_INCLUDE_IN_FRAMEWORK_HEADER = YES;
				CLANG_WARN_RANGE_LOOP_ANALYSIS = YES;
				CLANG_WARN_STRICT_PROTOTYPES = YES;
				CLANG_WARN_SUSPICIOUS_MOVE = YES;
				CLANG_WARN_UNGUARDED_AVAILABILITY = YES_AGGRESSIVE;
				CLANG_WARN_UNREACHABLE_CODE = YES;
				CLANG_WARN__DUPLICATE_METHOD_MATCH = YES;
				COPY_PHASE_STRIP = NO;
				DEBUG_INFORMATION_FORMAT = "dwarf-with-dsym";
				ENABLE_NS_ASSERTIONS = NO;
				ENABLE_STRICT_OBJC_MSGSEND = YES;
				GCC_C_LANGUAGE_STANDARD = gnu11;
				GCC_NO_COMMON_BLOCKS = YES;
				GCC_WARN_64_TO_32_BIT_CONVERSION = YES;
				GCC_WARN_ABOUT_RETURN_TYPE = YES_ERROR;
				GCC_WARN_UNDECLARED_SELECTOR = YES;
				GCC_WARN_UNINITIALIZED_AUTOS = YES_AGGRESSIVE;
				GCC_WARN_UNUSED_FUNCTION = YES;
				GCC_WARN_UNUSED_VARIABLE = YES;
				IPHONEOS_DEPLOYMENT_TARGET = 15.0;
				MTL_ENABLE_DEBUG_INFO = NO;
				MTL_FAST_MATH = YES;
				SDKROOT = iphoneos;
				SWIFT_COMPILATION_MODE = wholemodule;
				SWIFT_OPTIMIZATION_LEVEL = "-O";
				VALIDATE_PRODUCT = YES;
			};
			name = Release;
		};
		45BF2E1528ACD01A0067FF27 /* Debug */ = {
			isa = XCBuildConfiguration;
			buildSettings = {
				ASSETCATALOG_COMPILER_APPICON_NAME = AppIcon;
				ASSETCATALOG_COMPILER_GLOBAL_ACCENT_COLOR_NAME = AccentColor;
				CODE_SIGN_STYLE = Automatic;
				CURRENT_PROJECT_VERSION = 1;
				DEVELOPMENT_ASSET_PATHS = "\"Dashboard/Preview Content\"";
				ENABLE_PREVIEWS = YES;
				GENERATE_INFOPLIST_FILE = YES;
				INFOPLIST_KEY_UIApplicationSceneManifest_Generation = YES;
				INFOPLIST_KEY_UIApplicationSupportsIndirectInputEvents = YES;
				INFOPLIST_KEY_UILaunchScreen_Generation = YES;
				INFOPLIST_KEY_UISupportedInterfaceOrientations_iPad = "UIInterfaceOrientationPortrait UIInterfaceOrientationPortraitUpsideDown UIInterfaceOrientationLandscapeLeft UIInterfaceOrientationLandscapeRight";
				INFOPLIST_KEY_UISupportedInterfaceOrientations_iPhone = "UIInterfaceOrientationPortrait UIInterfaceOrientationLandscapeLeft UIInterfaceOrientationLandscapeRight";
				LD_RUNPATH_SEARCH_PATHS = (
					"$(inherited)",
					"@executable_path/Frameworks",
				);
				MARKETING_VERSION = 1.0;
				PRODUCT_BUNDLE_IDENTIFIER = io.appcircle.dashboard;
				PRODUCT_NAME = "$(TARGET_NAME)";
				SWIFT_EMIT_LOC_STRINGS = YES;
				SWIFT_VERSION = 5.0;
				TARGETED_DEVICE_FAMILY = "1,2";
			};
			name = Debug;
		};
		45BF2E1628ACD01A0067FF27 /* Release */ = {
			isa = XCBuildConfiguration;
			buildSettings = {
				ASSETCATALOG_COMPILER_APPICON_NAME = AppIcon;
				ASSETCATALOG_COMPILER_GLOBAL_ACCENT_COLOR_NAME = AccentColor;
				CODE_SIGN_STYLE = Automatic;
				CURRENT_PROJECT_VERSION = 1;
				DEVELOPMENT_ASSET_PATHS = "\"Dashboard/Preview Content\"";
				ENABLE_PREVIEWS = YES;
				GENERATE_INFOPLIST_FILE = YES;
				INFOPLIST_KEY_UIApplicationSceneManifest_Generation = YES;
				INFOPLIST_KEY_UIApplicationSupportsIndirectInputEvents = YES;
				INFOPLIST_KEY_UILaunchScreen_Generation = YES;
				INFOPLIST_KEY_UISupportedInterfaceOrientations_iPad = "UIInterfaceOrientationPortrait UIInterfaceOrientationPortraitUpsideDown UIInterfaceOrientationLandscapeLeft UIInterfaceOrientationLandscapeRight";
				INFOPLIST_KEY_UISupportedInterfaceOrientations_iPhone = "UIInterfaceOrientationPortrait UIInterfaceOrientationLandscapeLeft UIInterfaceOrientationLandscapeRight";
				LD_RUNPATH_SEARCH_PATHS = (
					"$(inherited)",
					"@executable_path/Frameworks",
				);
				MARKETING_VERSION = 1.0;
				PRODUCT_BUNDLE_IDENTIFIER = io.appcircle.dashboard;
				PRODUCT_NAME = "$(TARGET_NAME)";
				SWIFT_EMIT_LOC_STRINGS = YES;
				SWIFT_VERSION = 5.0;
				TARGETED_DEVICE_FAMILY = "1,2";
			};
			name = Release;
		};
		45BF2E1828ACD01A0067FF27 /* Debug */ = {
			isa = XCBuildConfiguration;
			buildSettings = {
				ALWAYS_EMBED_SWIFT_STANDARD_LIBRARIES = YES;
				BUNDLE_LOADER = "$(TEST_HOST)";
				CODE_SIGN_STYLE = Automatic;
				CURRENT_PROJECT_VERSION = 1;
				GENERATE_INFOPLIST_FILE = YES;
				IPHONEOS_DEPLOYMENT_TARGET = 15.5;
				MARKETING_VERSION = 1.0;
				PRODUCT_BUNDLE_IDENTIFIER = io.appcircle.DashboardTests;
				PRODUCT_NAME = "$(TARGET_NAME)";
				SWIFT_EMIT_LOC_STRINGS = NO;
				SWIFT_VERSION = 5.0;
				TARGETED_DEVICE_FAMILY = "1,2";
				TEST_HOST = "$(BUILT_PRODUCTS_DIR)/Dashboard.app/Dashboard";
			};
			name = Debug;
		};
		45BF2E1928ACD01A0067FF27 /* Release */ = {
			isa = XCBuildConfiguration;
			buildSettings = {
				ALWAYS_EMBED_SWIFT_STANDARD_LIBRARIES = YES;
				BUNDLE_LOADER = "$(TEST_HOST)";
				CODE_SIGN_STYLE = Automatic;
				CURRENT_PROJECT_VERSION = 1;
				GENERATE_INFOPLIST_FILE = YES;
				IPHONEOS_DEPLOYMENT_TARGET = 15.5;
				MARKETING_VERSION = 1.0;
				PRODUCT_BUNDLE_IDENTIFIER = io.appcircle.DashboardTests;
				PRODUCT_NAME = "$(TARGET_NAME)";
				SWIFT_EMIT_LOC_STRINGS = NO;
				SWIFT_VERSION = 5.0;
				TARGETED_DEVICE_FAMILY = "1,2";
				TEST_HOST = "$(BUILT_PRODUCTS_DIR)/Dashboard.app/Dashboard";
			};
			name = Release;
		};
		45BF2E1B28ACD01A0067FF27 /* Debug */ = {
			isa = XCBuildConfiguration;
			buildSettings = {
				ALWAYS_EMBED_SWIFT_STANDARD_LIBRARIES = YES;
				CODE_SIGN_STYLE = Automatic;
				CURRENT_PROJECT_VERSION = 1;
				GENERATE_INFOPLIST_FILE = YES;
				MARKETING_VERSION = 1.0;
				PRODUCT_BUNDLE_IDENTIFIER = io.appcircle.DashboardUITests;
				PRODUCT_NAME = "$(TARGET_NAME)";
				SWIFT_EMIT_LOC_STRINGS = NO;
				SWIFT_VERSION = 5.0;
				TARGETED_DEVICE_FAMILY = "1,2";
				TEST_TARGET_NAME = Dashboard;
			};
			name = Debug;
		};
		45BF2E1C28ACD01A0067FF27 /* Release */ = {
			isa = XCBuildConfiguration;
			buildSettings = {
				ALWAYS_EMBED_SWIFT_STANDARD_LIBRARIES = YES;
				CODE_SIGN_STYLE = Automatic;
				CURRENT_PROJECT_VERSION = 1;
				GENERATE_INFOPLIST_FILE = YES;
				MARKETING_VERSION = 1.0;
				PRODUCT_BUNDLE_IDENTIFIER = io.appcircle.DashboardUITests;
				PRODUCT_NAME = "$(TARGET_NAME)";
				SWIFT_EMIT_LOC_STRINGS = NO;
				SWIFT_VERSION = 5.0;
				TARGETED_DEVICE_FAMILY = "1,2";
				TEST_TARGET_NAME = Dashboard;
			};
			name = Release;
		};
/* End XCBuildConfiguration section */

/* Begin XCConfigurationList section */
		45BF2DE628ACD0190067FF27 /* Build configuration list for PBXProject "Dashboard" */ = {
			isa = XCConfigurationList;
			buildConfigurations = (
				45BF2E1228ACD01A0067FF27 /* Debug */,
				45BF2E1328ACD01A0067FF27 /* Release */,
			);
			defaultConfigurationIsVisible = 0;
			defaultConfigurationName = Release;
		};
		45BF2E1428ACD01A0067FF27 /* Build configuration list for PBXNativeTarget "Dashboard" */ = {
			isa = XCConfigurationList;
			buildConfigurations = (
				45BF2E1528ACD01A0067FF27 /* Debug */,
				45BF2E1628ACD01A0067FF27 /* Release */,
			);
			defaultConfigurationIsVisible = 0;
			defaultConfigurationName = Release;
		};
		45BF2E1728ACD01A0067FF27 /* Build configuration list for PBXNativeTarget "DashboardTests" */ = {
			isa = XCConfigurationList;
			buildConfigurations = (
				45BF2E1828ACD01A0067FF27 /* Debug */,
				45BF2E1928ACD01A0067FF27 /* Release */,
			);
			defaultConfigurationIsVisible = 0;
			defaultConfigurationName = Release;
		};
		45BF2E1A28ACD01A0067FF27 /* Build configuration list for PBXNativeTarget "DashboardUITests" */ = {
			isa = XCConfigurationList;
			buildConfigurations = (
				45BF2E1B28ACD01A0067FF27 /* Debug */,
				45BF2E1C28ACD01A0067FF27 /* Release */,
			);
			defaultConfigurationIsVisible = 0;
			defaultConfigurationName = Release;
		};
/* End XCConfigurationList section */

/* Begin XCVersionGroup section */
		45BF2DF928ACD0190067FF27 /* Dashboard.xcdatamodeld */ = {
			isa = XCVersionGroup;
			children = (
				45BF2DFA28ACD0190067FF27 /* Dashboard.xcdatamodel */,
			);
			currentVersion = 45BF2DFA28ACD0190067FF27 /* Dashboard.xcdatamodel */;
			path = Dashboard.xcdatamodeld;
			sourceTree = "<group>";
			versionGroupType = wrapper.xcdatamodel;
		};
/* End XCVersionGroup section */
	};
	rootObject = 45BF2DE328ACD0190067FF27 /* Project object */;
}
